
Microsoft Visual Studio Solution File, Format Version 12.00
# Visual Studio Version 17
VisualStudioVersion = 17.5.002.0
MinimumVisualStudioVersion = 10.0.40219.1
Project("{9A19103F-16F7-4668-BE54-9A1E7A4F7556}") = "Car", "Car.csproj", "{FE351519-3C4D-41B7-BAB0-EAA4C13E21B6}"
EndProject
Global
	GlobalSection(SolutionConfigurationPlatforms) = preSolution
		Debug|Any CPU = Debug|Any CPU
		Release|Any CPU = Release|Any CPU
	EndGlobalSection
	GlobalSection(ProjectConfigurationPlatforms) = postSolution
		{FE351519-3C4D-41B7-BAB0-EAA4C13E21B6}.Debug|Any CPU.ActiveCfg = Debug|Any CPU
		{FE351519-3C4D-41B7-BAB0-EAA4C13E21B6}.Debug|Any CPU.Build.0 = Debug|Any CPU
		{FE351519-3C4D-41B7-BAB0-EAA4C13E21B6}.Release|Any CPU.ActiveCfg = Release|Any CPU
		{FE351519-3C4D-41B7-BAB0-EAA4C13E21B6}.Release|Any CPU.Build.0 = Release|Any CPU
	EndGlobalSection
	GlobalSection(SolutionProperties) = preSolution
		HideSolutionNode = FALSE
	EndGlobalSection
	GlobalSection(ExtensibilityGlobals) = postSolution
		SolutionGuid = {19108D58-B757-4876-9CA8-03595A7F729C}
	EndGlobalSection
EndGlobal
